
Microsoft Visual Studio Solution File, Format Version 11.00
# Visual Studio 2010
Project("{FAE04EC0-301F-11D3-BF4B-00C04F79EFBC}") = "AddressBookDemoCSharp", "AddressBookDemoCSharp.csproj", "{A86406FD-EC52-41DC-97F5-EAC1C9E55107}"
EndProject
Global
	GlobalSection(SolutionConfigurationPlatforms) = preSolution
		Debug|x86 = Debug|x86
		Release|x86 = Release|x86
	EndGlobalSection
	GlobalSection(ProjectConfigurationPlatforms) = postSolution
		{A86406FD-EC52-41DC-97F5-EAC1C9E55107}.Debug|x86.ActiveCfg = Debug|x86
		{A86406FD-EC52-41DC-97F5-EAC1C9E55107}.Debug|x86.Build.0 = Debug|x86
		{A86406FD-EC52-41DC-97F5-EAC1C9E55107}.Release|x86.ActiveCfg = Release|x86
		{A86406FD-EC52-41DC-97F5-EAC1C9E55107}.Release|x86.Build.0 = Release|x86
	EndGlobalSection
	GlobalSection(MonoDevelopProperties) = preSolution
		StartupItem = AddressBookDemoCSharp.csproj
		Policies = $0
		$0.StandardHeader = $1
		$1.Text = @\n Copyright Nathan Jones ${Year}\n\n This file is part of AddressBookDemo.\n\n AddressBookDemo is free software: you can redistribute it and/or modify\n it under the terms of the GNU General Public License as published by\n the Free Software Foundation, either version 3 of the License, or\n (at your option) any later version.\n\n AddressBookDemo is distributed in the hope that it will be useful,\n but WITHOUT ANY WARRANTY; without even the implied warranty of\n MERCHANTABILITY or FITNESS FOR A PARTICULAR PURPOSE.  See the\n GNU General Public License for more details.\n\n You should have received a copy of the GNU General Public License\n along with AddressBookDemo.  If not, see <http://www.gnu.org/licenses/>.\n
		$1.IncludeInNewFiles = True
	EndGlobalSection
EndGlobal
